{
  "requires": true,
  "lockfileVersion": 1,
  "dependencies": {
    "rot-js": {
      "version": "2.0.0",
      "resolved": "https://registry.npmjs.org/rot-js/-/rot-js-2.0.0.tgz",
      "integrity": "sha512-riWfrRBHeXyzFdp5Gb0/jAH1mYlzsP4Scl/nQXCOlc5WVwVQdbIBtNsllj22AYbkwABxc8PvuGUNGbdFc6nGPw=="
    }
  }
}
